// !$*UTF8*$!
{
	archiveVersion = 1;
	classes = {
	};
	objectVersion = 56;
	objects = {

/* Begin PBXBuildFile section */
	/* Main App */
	1A2B3C4D5E6F7G8H /* RingADateWidget.swift in Sources */ = {isa = PBXBuildFile; fileRef = 1A2B3C4D5E6F7G8I /* RingADateWidget.swift */; };
	1A2B3C4D5E6F7G8J /* Assets.xcassets in Resources */ = {isa = PBXBuildFile; fileRef = 1A2B3C4D5E6F7G8K /* Assets.xcassets */; };
	1A2B3C4D5E6F7G8L /* Preview Assets.xcassets in Resources */ = {isa = PBXBuildFile; fileRef = 1A2B3C4D5E6F7G8M /* Preview Assets.xcassets */; };
	/* Widget Extension */
	1A2B3C4D5E6F7G8N /* WidgetKit.framework in Frameworks */ = {isa = PBXBuildFile; fileRef = 1A2B3C4D5E6F7G8O /* WidgetKit.framework */; };
	1A2B3C4D5E6F7G8P /* SwiftUI.framework in Frameworks */ = {isa = PBXBuildFile; fileRef = 1A2B3C4D5E6F7G8Q /* SwiftUI.framework */; };
	1A2B3C4D5E6F7G8R /* RingADateWidgetBundle.swift in Sources */ = {isa = PBXBuildFile; fileRef = 1A2B3C4D5E6F7G8S /* RingADateWidgetBundle.swift */; };
	1A2B3C4D5E6F7G8T /* RingADateWidgetProvider.swift in Sources */ = {isa = PBXBuildFile; fileRef = 1A2B3C4D5E6F7G8U /* RingADateWidgetProvider.swift */; };
	1A2B3C4D5E6F7G8V /* RingADateWidgetView.swift in Sources */ = {isa = PBXBuildFile; fileRef = 1A2B3C4D5E6F7G8W /* RingADateWidgetView.swift */; };
	1A2B3C4D5E6F7G8X /* Assets.xcassets in Resources */ = {isa = PBXBuildFile; fileRef = 1A2B3C4D5E6F7G8Y /* Assets.xcassets */; };
	1A2B3C4D5E6F7G8Z /* RingADateWidgetExtension.appex in Embed Foundation Extensions */ = {isa = PBXBuildFile; fileRef = 1A2B3C4D5E6F7G90 /* RingADateWidgetExtension.appex */; settings = {ATTRIBUTES = (RemoveHeadersOnCopy, ); }; };
/* End PBXBuildFile section */

/* Begin PBXContainerItemProxy section */
	1A2B3C4D5E6F7G91 /* PBXContainerItemProxy */ = {
		isa = PBXContainerItemProxy;
		containerPortal = 1A2B3C4D5E6F7G92 /* Project object */;
		proxyType = 1;
		remoteGlobalIDString = 1A2B3C4D5E6F7G93;
		remoteInfo = RingADateWidgetExtension;
	};
/* End PBXContainerItemProxy section */

/* Begin PBXCopyFilesBuildPhase section */
	1A2B3C4D5E6F7G94 /* Embed Foundation Extensions */ = {
		isa = PBXCopyFilesBuildPhase;
		buildActionMask = 2147483647;
		dstPath = "";
		dstSubfolderSpec = 13;
		files = (
			1A2B3C4D5E6F7G8Z /* RingADateWidgetExtension.appex in Embed Foundation Extensions */,
		);
		name = "Embed Foundation Extensions";
		runOnlyForDeploymentPostprocessing = 0;
	};
/* End PBXCopyFilesBuildPhase section */

/* Begin PBXFileReference section */
	1A2B3C4D5E6F7G95 /* RingADateWidget.app */ = {isa = PBXFileReference; explicitFileType = wrapper.application; includeInIndex = 0; path = RingADateWidget.app; sourceTree = BUILT_PRODUCTS_DIR; };
	1A2B3C4D5E6F7G8I /* RingADateWidget.swift */ = {isa = PBXFileReference; lastKnownFileType = sourcecode.swift; path = RingADateWidget.swift; sourceTree = "<group>"; };
	1A2B3C4D5E6F7G8K /* Assets.xcassets */ = {isa = PBXFileReference; lastKnownFileType = folder.assetcatalog; path = Assets.xcassets; sourceTree = "<group>"; };
	1A2B3C4D5E6F7G8M /* Preview Assets.xcassets */ = {isa = PBXFileReference; lastKnownFileType = folder.assetcatalog; path = "Preview Assets.xcassets"; sourceTree = "<group>"; };
	1A2B3C4D5E6F7G90 /* RingADateWidgetExtension.appex */ = {isa = PBXFileReference; explicitFileType = "wrapper.app-extension"; includeInIndex = 0; path = RingADateWidgetExtension.appex; sourceTree = BUILT_PRODUCTS_DIR; };
	1A2B3C4D5E6F7G8O /* WidgetKit.framework */ = {isa = PBXFileReference; lastKnownFileType = wrapper.framework; name = WidgetKit.framework; path = System/Library/Frameworks/WidgetKit.framework; sourceTree = SDKROOT; };
	1A2B3C4D5E6F7G8Q /* SwiftUI.framework */ = {isa = PBXFileReference; lastKnownFileType = wrapper.framework; name = SwiftUI.framework; path = System/Library/Frameworks/SwiftUI.framework; sourceTree = SDKROOT; };
	1A2B3C4D5E6F7G8S /* RingADateWidgetBundle.swift */ = {isa = PBXFileReference; lastKnownFileType = sourcecode.swift; path = RingADateWidgetBundle.swift; sourceTree = "<group>"; };
	1A2B3C4D5E6F7G8U /* RingADateWidgetProvider.swift */ = {isa = PBXFileReference; lastKnownFileType = sourcecode.swift; path = RingADateWidgetProvider.swift; sourceTree = "<group>"; };
	1A2B3C4D5E6F7G8W /* RingADateWidgetView.swift */ = {isa = PBXFileReference; lastKnownFileType = sourcecode.swift; path = RingADateWidgetView.swift; sourceTree = "<group>"; };
	1A2B3C4D5E6F7G8Y /* Assets.xcassets */ = {isa = PBXFileReference; lastKnownFileType = folder.assetcatalog; path = Assets.xcassets; sourceTree = "<group>"; };
	1A2B3C4D5E6F7G96 /* Info.plist */ = {isa = PBXFileReference; lastKnownFileType = text.plist.xml; path = Info.plist; sourceTree = "<group>"; };
/* End PBXFileReference section */

/* Begin PBXFrameworksBuildPhase section */
	1A2B3C4D5E6F7G97 /* Frameworks */ = {
		isa = PBXFrameworksBuildPhase;
		buildActionMask = 2147483647;
		files = (
		);
		runOnlyForDeploymentPostprocessing = 0;
	};
	1A2B3C4D5E6F7G98 /* Frameworks */ = {
		isa = PBXFrameworksBuildPhase;
		buildActionMask = 2147483647;
		files = (
			1A2B3C4D5E6F7G8P /* SwiftUI.framework in Frameworks */,
			1A2B3C4D5E6F7G8N /* WidgetKit.framework in Frameworks */,
		);
		runOnlyForDeploymentPostprocessing = 0;
	};
/* End PBXFrameworksBuildPhase section */

/* Begin PBXGroup section */
	1A2B3C4D5E6F7G99 /* Products */ = {
		isa = PBXGroup;
		children = (
			1A2B3C4D5E6F7G95 /* RingADateWidget.app */,
			1A2B3C4D5E6F7G90 /* RingADateWidgetExtension.appex */,
		);
		name = Products;
		sourceTree = "<group>";
	};
	1A2B3C4D5E6F7G9A /* RingADateWidget */ = {
		isa = PBXGroup;
		children = (
			1A2B3C4D5E6F7G8I /* RingADateWidget.swift */,
			1A2B3C4D5E6F7G8K /* Assets.xcassets */,
			1A2B3C4D5E6F7G9B /* Preview Content */,
		);
		name = RingADateWidget;
		path = RingADateWidget;
		sourceTree = "<group>";
	};
	1A2B3C4D5E6F7G9B /* Preview Content */ = {
		isa = PBXGroup;
		children = (
			1A2B3C4D5E6F7G8M /* Preview Assets.xcassets */,
		);
		name = "Preview Content";
		path = "Preview Content";
		sourceTree = "<group>";
	};
	1A2B3C4D5E6F7G9C /* Frameworks */ = {
		isa = PBXGroup;
		children = (
			1A2B3C4D5E6F7G8O /* WidgetKit.framework */,
			1A2B3C4D5E6F7G8Q /* SwiftUI.framework */,
		);
		name = Frameworks;
		sourceTree = "<group>";
	};
	1A2B3C4D5E6F7G9D /* RingADateWidgetExtension */ = {
		isa = PBXGroup;
		children = (
			1A2B3C4D5E6F7G8S /* RingADateWidgetBundle.swift */,
			1A2B3C4D5E6F7G8U /* RingADateWidgetProvider.swift */,
			1A2B3C4D5E6F7G8W /* RingADateWidgetView.swift */,
			1A2B3C4D5E6F7G8Y /* Assets.xcassets */,
			1A2B3C4D5E6F7G96 /* Info.plist */,
		);
		name = RingADateWidgetExtension;
		path = RingADateWidgetExtension;
		sourceTree = "<group>";
	};
	1A2B3C4D5E6F7G92 /* Project object */ = {
		isa = PBXGroup;
		children = (
			1A2B3C4D5E6F7G9A /* RingADateWidget */,
			1A2B3C4D5E6F7G9D /* RingADateWidgetExtension */,
			1A2B3C4D5E6F7G99 /* Products */,
			1A2B3C4D5E6F7G9C /* Frameworks */,
		);
		sourceTree = "<group>";
	};
/* End PBXGroup section */

/* Begin PBXNativeTarget section */
	1A2B3C4D5E6F7G9E /* RingADateWidget */ = {
		isa = PBXNativeTarget;
		buildConfigurationList = 1A2B3C4D5E6F7G9F /* Build configuration list for PBXNativeTarget "RingADateWidget" */;
		buildPhases = (
			1A2B3C4D5E6F7G97 /* Frameworks */,
			1A2B3C4D5E6F7GA0 /* Sources */,
			1A2B3C4D5E6F7GA1 /* Resources */,
			1A2B3C4D5E6F7G94 /* Embed Foundation Extensions */,
		);
		buildRules = (
		);
		dependencies = (
			1A2B3C4D5E6F7GA2 /* PBXTargetDependency */,
		);
		name = RingADateWidget;
		productName = RingADateWidget;
		productReference = 1A2B3C4D5E6F7G95 /* RingADateWidget.app */;
		productType = "com.apple.product-type.application"